# This file is automatically @generated by Cargo.
# It is not intended for manual editing.
version = 3

[[package]]
name = "libc"
version = "0.2.149"
source = "registry+https://github.com/rust-lang/crates.io-index"
checksum = "a08173bc88b7955d1b3145aa561539096c421ac8debde8cbc3612ec635fee29b"

[[package]]
name = "recording_oracle_worker_app"
version = "0.1.0"
dependencies = [
 "sgx_types",
 "sgx_urts",
]

[[package]]
name = "sgx_types"
version = "1.1.6"

[[package]]
name = "sgx_urts"
version = "1.1.6"
dependencies = [
 "libc",
 "sgx_types",
]
